// !$*UTF8*$!
{
	archiveVersion = 1;
	classes = {
	};
	objectVersion = 77;
	objects = {

/* Begin PBXBuildFile section */
		94DE4C7F2DF57CD500DFB15D /* FirebaseAnalyticsWithoutAdIdSupport in Frameworks */ = {isa = PBXBuildFile; productRef = 94DE4C7E2DF57CD500DFB15D /* FirebaseAnalyticsWithoutAdIdSupport */; };
		94DE4C812DF57CD500DFB15D /* FirebaseAppCheck in Frameworks */ = {isa = PBXBuildFile; productRef = 94DE4C802DF57CD500DFB15D /* FirebaseAppCheck */; };
		94DE4C832DF57CD500DFB15D /* FirebaseAppDistribution-Beta in Frameworks */ = {isa = PBXBuildFile; productRef = 94DE4C822DF57CD500DFB15D /* FirebaseAppDistribution-Beta */; };
		94DE4C852DF57CD500DFB15D /* FirebaseAuth in Frameworks */ = {isa = PBXBuildFile; productRef = 94DE4C842DF57CD500DFB15D /* FirebaseAuth */; };
		94DE4C872DF57CD500DFB15D /* FirebaseAuthCombine-Community in Frameworks */ = {isa = PBXBuildFile; productRef = 94DE4C862DF57CD500DFB15D /* FirebaseAuthCombine-Community */; };
		94DE4C892DF57CD500DFB15D /* FirebaseCore in Frameworks */ = {isa = PBXBuildFile; productRef = 94DE4C882DF57CD500DFB15D /* FirebaseCore */; };
		94DE4C8B2DF57CD500DFB15D /* FirebaseCrashlytics in Frameworks */ = {isa = PBXBuildFile; productRef = 94DE4C8A2DF57CD500DFB15D /* FirebaseCrashlytics */; };
		94DE4C8D2DF57CD500DFB15D /* FirebaseDatabase in Frameworks */ = {isa = PBXBuildFile; productRef = 94DE4C8C2DF57CD500DFB15D /* FirebaseDatabase */; };
		94DE4C912DF57CD500DFB15D /* FirebaseFirestore in Frameworks */ = {isa = PBXBuildFile; productRef = 94DE4C902DF57CD500DFB15D /* FirebaseFirestore */; };
		94DE4C932DF57CD500DFB15D /* FirebaseFirestoreCombine-Community in Frameworks */ = {isa = PBXBuildFile; productRef = 94DE4C922DF57CD500DFB15D /* FirebaseFirestoreCombine-Community */; };
		94DE4C9D2DF57CD500DFB15D /* FirebaseMLModelDownloader in Frameworks */ = {isa = PBXBuildFile; productRef = 94DE4C9C2DF57CD500DFB15D /* FirebaseMLModelDownloader */; };
		94DE4CA12DF57CD500DFB15D /* FirebasePerformance in Frameworks */ = {isa = PBXBuildFile; productRef = 94DE4CA02DF57CD500DFB15D /* FirebasePerformance */; };
		94DE4CA32DF57CD500DFB15D /* FirebaseRemoteConfig in Frameworks */ = {isa = PBXBuildFile; productRef = 94DE4CA22DF57CD500DFB15D /* FirebaseRemoteConfig */; };
		94DE4CA52DF57CD500DFB15D /* FirebaseStorage in Frameworks */ = {isa = PBXBuildFile; productRef = 94DE4CA42DF57CD500DFB15D /* FirebaseStorage */; };
		94DE4CA72DF57CD500DFB15D /* FirebaseStorageCombine-Community in Frameworks */ = {isa = PBXBuildFile; productRef = 94DE4CA62DF57CD500DFB15D /* FirebaseStorageCombine-Community */; };
/* End PBXBuildFile section */

/* Begin PBXContainerItemProxy section */
		94A0A53E2DCDA21300AD5336 /* PBXContainerItemProxy */ = {
			isa = PBXContainerItemProxy;
			containerPortal = 94A0A5252DCDA21200AD5336 /* Project object */;
			proxyType = 1;
			remoteGlobalIDString = 94A0A52C2DCDA21200AD5336;
			remoteInfo = FinalProject;
		};
		94A0A5482DCDA21300AD5336 /* PBXContainerItemProxy */ = {
			isa = PBXContainerItemProxy;
			containerPortal = 94A0A5252DCDA21200AD5336 /* Project object */;
			proxyType = 1;
			remoteGlobalIDString = 94A0A52C2DCDA21200AD5336;
			remoteInfo = FinalProject;
		};
/* End PBXContainerItemProxy section */

/* Begin PBXFileReference section */
		94A0A52D2DCDA21200AD5336 /* FinalProject.app */ = {isa = PBXFileReference; explicitFileType = wrapper.application; includeInIndex = 0; path = FinalProject.app; sourceTree = BUILT_PRODUCTS_DIR; };
		94A0A53D2DCDA21300AD5336 /* FinalProjectTests.xctest */ = {isa = PBXFileReference; explicitFileType = wrapper.cfbundle; includeInIndex = 0; path = FinalProjectTests.xctest; sourceTree = BUILT_PRODUCTS_DIR; };
		94A0A5472DCDA21300AD5336 /* FinalProjectUITests.xctest */ = {isa = PBXFileReference; explicitFileType = wrapper.cfbundle; includeInIndex = 0; path = FinalProjectUITests.xctest; sourceTree = BUILT_PRODUCTS_DIR; };
/* End PBXFileReference section */

/* Begin PBXFileSystemSynchronizedRootGroup section */
		94A0A52F2DCDA21200AD5336 /* FinalProject */ = {
			isa = PBXFileSystemSynchronizedRootGroup;
			path = FinalProject;
			sourceTree = "<group>";
		};
		94A0A5402DCDA21300AD5336 /* FinalProjectTests */ = {
			isa = PBXFileSystemSynchronizedRootGroup;
			path = FinalProjectTests;
			sourceTree = "<group>";
		};
		94A0A54A2DCDA21300AD5336 /* FinalProjectUITests */ = {
			isa = PBXFileSystemSynchronizedRootGroup;
			path = FinalProjectUITests;
			sourceTree = "<group>";
		};
/* End PBXFileSystemSynchronizedRootGroup section */

/* Begin PBXFrameworksBuildPhase section */
		94A0A52A2DCDA21200AD5336 /* Frameworks */ = {
			isa = PBXFrameworksBuildPhase;
			buildActionMask = 2147483647;
			files = (
				94DE4C8D2DF57CD500DFB15D /* FirebaseDatabase in Frameworks */,
				94DE4CA52DF57CD500DFB15D /* FirebaseStorage in Frameworks */,
				94DE4C7F2DF57CD500DFB15D /* FirebaseAnalyticsWithoutAdIdSupport in Frameworks */,
				94DE4C892DF57CD500DFB15D /* FirebaseCore in Frameworks */,
				94DE4C9D2DF57CD500DFB15D /* FirebaseMLModelDownloader in Frameworks */,
				94DE4C852DF57CD500DFB15D /* FirebaseAuth in Frameworks */,
				94DE4C912DF57CD500DFB15D /* FirebaseFirestore in Frameworks */,
				94DE4C932DF57CD500DFB15D /* FirebaseFirestoreCombine-Community in Frameworks */,
				94DE4C812DF57CD500DFB15D /* FirebaseAppCheck in Frameworks */,
				94DE4CA72DF57CD500DFB15D /* FirebaseStorageCombine-Community in Frameworks */,
				94DE4CA32DF57CD500DFB15D /* FirebaseRemoteConfig in Frameworks */,
				94DE4CA12DF57CD500DFB15D /* FirebasePerformance in Frameworks */,
				94DE4C8B2DF57CD500DFB15D /* FirebaseCrashlytics in Frameworks */,
				94DE4C832DF57CD500DFB15D /* FirebaseAppDistribution-Beta in Frameworks */,
				94DE4C872DF57CD500DFB15D /* FirebaseAuthCombine-Community in Frameworks */,
			);
			runOnlyForDeploymentPostprocessing = 0;
		};
		94A0A53A2DCDA21300AD5336 /* Frameworks */ = {
			isa = PBXFrameworksBuildPhase;
			buildActionMask = 2147483647;
			files = (
			);
			runOnlyForDeploymentPostprocessing = 0;
		};
		94A0A5442DCDA21300AD5336 /* Frameworks */ = {
			isa = PBXFrameworksBuildPhase;
			buildActionMask = 2147483647;
			files = (
			);
			runOnlyForDeploymentPostprocessing = 0;
		};
/* End PBXFrameworksBuildPhase section */

/* Begin PBXGroup section */
		94A0A5242DCDA21200AD5336 = {
			isa = PBXGroup;
			children = (
				94A0A52F2DCDA21200AD5336 /* FinalProject */,
				94A0A5402DCDA21300AD5336 /* FinalProjectTests */,
				94A0A54A2DCDA21300AD5336 /* FinalProjectUITests */,
				94A0A52E2DCDA21200AD5336 /* Products */,
			);
			sourceTree = "<group>";
		};
		94A0A52E2DCDA21200AD5336 /* Products */ = {
			isa = PBXGroup;
			children = (
				94A0A52D2DCDA21200AD5336 /* FinalProject.app */,
				94A0A53D2DCDA21300AD5336 /* FinalProjectTests.xctest */,
				94A0A5472DCDA21300AD5336 /* FinalProjectUITests.xctest */,
			);
			name = Products;
			sourceTree = "<group>";
		};
/* End PBXGroup section */

/* Begin PBXNativeTarget section */
		94A0A52C2DCDA21200AD5336 /* FinalProject */ = {
			isa = PBXNativeTarget;
			buildConfigurationList = 94A0A5512DCDA21300AD5336 /* Build configuration list for PBXNativeTarget "FinalProject" */;
			buildPhases = (
				94A0A5292DCDA21200AD5336 /* Sources */,
				94A0A52A2DCDA21200AD5336 /* Frameworks */,
				94A0A52B2DCDA21200AD5336 /* Resources */,
			);
			buildRules = (
			);
			dependencies = (
			);
			fileSystemSynchronizedGroups = (
				94A0A52F2DCDA21200AD5336 /* FinalProject */,
			);
			name = FinalProject;
			packageProductDependencies = (
				94DE4C7E2DF57CD500DFB15D /* FirebaseAnalyticsWithoutAdIdSupport */,
				94DE4C802DF57CD500DFB15D /* FirebaseAppCheck */,
				94DE4C822DF57CD500DFB15D /* FirebaseAppDistribution-Beta */,
				94DE4C842DF57CD500DFB15D /* FirebaseAuth */,
				94DE4C862DF57CD500DFB15D /* FirebaseAuthCombine-Community */,
				94DE4C882DF57CD500DFB15D /* FirebaseCore */,
				94DE4C8A2DF57CD500DFB15D /* FirebaseCrashlytics */,
				94DE4C8C2DF57CD500DFB15D /* FirebaseDatabase */,
				94DE4C902DF57CD500DFB15D /* FirebaseFirestore */,
				94DE4C922DF57CD500DFB15D /* FirebaseFirestoreCombine-Community */,
				94DE4C9C2DF57CD500DFB15D /* FirebaseMLModelDownloader */,
				94DE4CA02DF57CD500DFB15D /* FirebasePerformance */,
				94DE4CA22DF57CD500DFB15D /* FirebaseRemoteConfig */,
				94DE4CA42DF57CD500DFB15D /* FirebaseStorage */,
				94DE4CA62DF57CD500DFB15D /* FirebaseStorageCombine-Community */,
			);
			productName = FinalProject;
			productReference = 94A0A52D2DCDA21200AD5336 /* FinalProject.app */;
			productType = "com.apple.product-type.application";
		};
		94A0A53C2DCDA21300AD5336 /* FinalProjectTests */ = {
			isa = PBXNativeTarget;
			buildConfigurationList = 94A0A5542DCDA21300AD5336 /* Build configuration list for PBXNativeTarget "FinalProjectTests" */;
			buildPhases = (
				94A0A5392DCDA21300AD5336 /* Sources */,
				94A0A53A2DCDA21300AD5336 /* Frameworks */,
				94A0A53B2DCDA21300AD5336 /* Resources */,
			);
			buildRules = (
			);
			dependencies = (
				94A0A53F2DCDA21300AD5336 /* PBXTargetDependency */,
			);
			fileSystemSynchronizedGroups = (
				94A0A5402DCDA21300AD5336 /* FinalProjectTests */,
			);
			name = FinalProjectTests;
			packageProductDependencies = (
			);
			productName = FinalProjectTests;
			productReference = 94A0A53D2DCDA21300AD5336 /* FinalProjectTests.xctest */;
			productType = "com.apple.product-type.bundle.unit-test";
		};
		94A0A5462DCDA21300AD5336 /* FinalProjectUITests */ = {
			isa = PBXNativeTarget;
			buildConfigurationList = 94A0A5572DCDA21300AD5336 /* Build configuration list for PBXNativeTarget "FinalProjectUITests" */;
			buildPhases = (
				94A0A5432DCDA21300AD5336 /* Sources */,
				94A0A5442DCDA21300AD5336 /* Frameworks */,
				94A0A5452DCDA21300AD5336 /* Resources */,
			);
			buildRules = (
			);
			dependencies = (
				94A0A5492DCDA21300AD5336 /* PBXTargetDependency */,
			);
			fileSystemSynchronizedGroups = (
				94A0A54A2DCDA21300AD5336 /* FinalProjectUITests */,
			);
			name = FinalProjectUITests;
			packageProductDependencies = (
			);
			productName = FinalProjectUITests;
			productReference = 94A0A5472DCDA21300AD5336 /* FinalProjectUITests.xctest */;
			productType = "com.apple.product-type.bundle.ui-testing";
		};
/* End PBXNativeTarget section */

/* Begin PBXProject section */
		94A0A5252DCDA21200AD5336 /* Project object */ = {
			isa = PBXProject;
			attributes = {
				BuildIndependentTargetsInParallel = 1;
				LastSwiftUpdateCheck = 1620;
				LastUpgradeCheck = 1620;
				TargetAttributes = {
					94A0A52C2DCDA21200AD5336 = {
						CreatedOnToolsVersion = 16.2;
					};
					94A0A53C2DCDA21300AD5336 = {
						CreatedOnToolsVersion = 16.2;
						TestTargetID = 94A0A52C2DCDA21200AD5336;
					};
					94A0A5462DCDA21300AD5336 = {
						CreatedOnToolsVersion = 16.2;
						TestTargetID = 94A0A52C2DCDA21200AD5336;
					};
				};
			};
			buildConfigurationList = 94A0A5282DCDA21200AD5336 /* Build configuration list for PBXProject "FinalProject" */;
			developmentRegion = en;
			hasScannedForEncodings = 0;
			knownRegions = (
				en,
				Base,
			);
			mainGroup = 94A0A5242DCDA21200AD5336;
			minimizedProjectReferenceProxies = 1;
			packageReferences = (
				94DE4C732DF57CD500DFB15D /* XCRemoteSwiftPackageReference "firebase-ios-sdk" */,
			);
			preferredProjectObjectVersion = 77;
			productRefGroup = 94A0A52E2DCDA21200AD5336 /* Products */;
			projectDirPath = "";
			projectRoot = "";
			targets = (
				94A0A52C2DCDA21200AD5336 /* FinalProject */,
				94A0A53C2DCDA21300AD5336 /* FinalProjectTests */,
				94A0A5462DCDA21300AD5336 /* FinalProjectUITests */,
			);
		};
/* End PBXProject section */

/* Begin PBXResourcesBuildPhase section */
		94A0A52B2DCDA21200AD5336 /* Resources */ = {
			isa = PBXResourcesBuildPhase;
			buildActionMask = 2147483647;
			files = (
			);
			runOnlyForDeploymentPostprocessing = 0;
		};
		94A0A53B2DCDA21300AD5336 /* Resources */ = {
			isa = PBXResourcesBuildPhase;
			buildActionMask = 2147483647;
			files = (
			);
			runOnlyForDeploymentPostprocessing = 0;
		};
		94A0A5452DCDA21300AD5336 /* Resources */ = {
			isa = PBXResourcesBuildPhase;
			buildActionMask = 2147483647;
			files = (
			);
			runOnlyForDeploymentPostprocessing = 0;
		};
/* End PBXResourcesBuildPhase section */

/* Begin PBXSourcesBuildPhase section */
		94A0A5292DCDA21200AD5336 /* Sources */ = {
			isa = PBXSourcesBuildPhase;
			buildActionMask = 2147483647;
			files = (
			);
			runOnlyForDeploymentPostprocessing = 0;
		};
		94A0A5392DCDA21300AD5336 /* Sources */ = {
			isa = PBXSourcesBuildPhase;
			buildActionMask = 2147483647;
			files = (
			);
			runOnlyForDeploymentPostprocessing = 0;
		};
		94A0A5432DCDA21300AD5336 /* Sources */ = {
			isa = PBXSourcesBuildPhase;
			buildActionMask = 2147483647;
			files = (
			);
			runOnlyForDeploymentPostprocessing = 0;
		};
/* End PBXSourcesBuildPhase section */

/* Begin PBXTargetDependency section */
		94A0A53F2DCDA21300AD5336 /* PBXTargetDependency */ = {
			isa = PBXTargetDependency;
			target = 94A0A52C2DCDA21200AD5336 /* FinalProject */;
			targetProxy = 94A0A53E2DCDA21300AD5336 /* PBXContainerItemProxy */;
		};
		94A0A5492DCDA21300AD5336 /* PBXTargetDependency */ = {
			isa = PBXTargetDependency;
			target = 94A0A52C2DCDA21200AD5336 /* FinalProject */;
			targetProxy = 94A0A5482DCDA21300AD5336 /* PBXContainerItemProxy */;
		};
/* End PBXTargetDependency section */

/* Begin XCBuildConfiguration section */
		94A0A54F2DCDA21300AD5336 /* Debug */ = {
			isa = XCBuildConfiguration;
			buildSettings = {
				ALWAYS_SEARCH_USER_PATHS = NO;
				ASSETCATALOG_COMPILER_GENERATE_SWIFT_ASSET_SYMBOL_EXTENSIONS = YES;
				CLANG_ANALYZER_NONNULL = YES;
				CLANG_ANALYZER_NUMBER_OBJECT_CONVERSION = YES_AGGRESSIVE;
				CLANG_CXX_LANGUAGE_STANDARD = "gnu++20";
				CLANG_ENABLE_MODULES = YES;
				CLANG_ENABLE_OBJC_ARC = YES;
				CLANG_ENABLE_OBJC_WEAK = YES;
				CLANG_WARN_BLOCK_CAPTURE_AUTORELEASING = YES;
				CLANG_WARN_BOOL_CONVERSION = YES;
				CLANG_WARN_COMMA = YES;
				CLANG_WARN_CONSTANT_CONVERSION = YES;
				CLANG_WARN_DEPRECATED_OBJC_IMPLEMENTATIONS = YES;
				CLANG_WARN_DIRECT_OBJC_ISA_USAGE = YES_ERROR;
				CLANG_WARN_DOCUMENTATION_COMMENTS = YES;
				CLANG_WARN_EMPTY_BODY = YES;
				CLANG_WARN_ENUM_CONVERSION = YES;
				CLANG_WARN_INFINITE_RECURSION = YES;
				CLANG_WARN_INT_CONVERSION = YES;
				CLANG_WARN_NON_LITERAL_NULL_CONVERSION = YES;
				CLANG_WARN_OBJC_IMPLICIT_RETAIN_SELF = YES;
				CLANG_WARN_OBJC_LITERAL_CONVERSION = YES;
				CLANG_WARN_OBJC_ROOT_CLASS = YES_ERROR;
				CLANG_WARN_QUOTED_INCLUDE_IN_FRAMEWORK_HEADER = YES;
				CLANG_WARN_RANGE_LOOP_ANALYSIS = YES;
				CLANG_WARN_STRICT_PROTOTYPES = YES;
				CLANG_WARN_SUSPICIOUS_MOVE = YES;
				CLANG_WARN_UNGUARDED_AVAILABILITY = YES_AGGRESSIVE;
				CLANG_WARN_UNREACHABLE_CODE = YES;
				CLANG_WARN__DUPLICATE_METHOD_MATCH = YES;
				COPY_PHASE_STRIP = NO;
				DEBUG_INFORMATION_FORMAT = dwarf;
				ENABLE_STRICT_OBJC_MSGSEND = YES;
				ENABLE_TESTABILITY = YES;
				ENABLE_USER_SCRIPT_SANDBOXING = YES;
				GCC_C_LANGUAGE_STANDARD = gnu17;
				GCC_DYNAMIC_NO_PIC = NO;
				GCC_NO_COMMON_BLOCKS = YES;
				GCC_OPTIMIZATION_LEVEL = 0;
				GCC_PREPROCESSOR_DEFINITIONS = (
					"DEBUG=1",
					"$(inherited)",
				);
				GCC_WARN_64_TO_32_BIT_CONVERSION = YES;
				GCC_WARN_ABOUT_RETURN_TYPE = YES_ERROR;
				GCC_WARN_UNDECLARED_SELECTOR = YES;
				GCC_WARN_UNINITIALIZED_AUTOS = YES_AGGRESSIVE;
				GCC_WARN_UNUSED_FUNCTION = YES;
				GCC_WARN_UNUSED_VARIABLE = YES;
				IPHONEOS_DEPLOYMENT_TARGET = 18.2;
				LOCALIZATION_PREFERS_STRING_CATALOGS = YES;
				MTL_ENABLE_DEBUG_INFO = INCLUDE_SOURCE;
				MTL_FAST_MATH = YES;
				ONLY_ACTIVE_ARCH = YES;
				SDKROOT = iphoneos;
				SWIFT_ACTIVE_COMPILATION_CONDITIONS = "DEBUG $(inherited)";
				SWIFT_OPTIMIZATION_LEVEL = "-Onone";
			};
			name = Debug;
		};
		94A0A5502DCDA21300AD5336 /* Release */ = {
			isa = XCBuildConfiguration;
			buildSettings = {
				ALWAYS_SEARCH_USER_PATHS = NO;
				ASSETCATALOG_COMPILER_GENERATE_SWIFT_ASSET_SYMBOL_EXTENSIONS = YES;
				CLANG_ANALYZER_NONNULL = YES;
				CLANG_ANALYZER_NUMBER_OBJECT_CONVERSION = YES_AGGRESSIVE;
				CLANG_CXX_LANGUAGE_STANDARD = "gnu++20";
				CLANG_ENABLE_MODULES = YES;
				CLANG_ENABLE_OBJC_ARC = YES;
				CLANG_ENABLE_OBJC_WEAK = YES;
				CLANG_WARN_BLOCK_CAPTURE_AUTORELEASING = YES;
				CLANG_WARN_BOOL_CONVERSION = YES;
				CLANG_WARN_COMMA = YES;
				CLANG_WARN_CONSTANT_CONVERSION = YES;
				CLANG_WARN_DEPRECATED_OBJC_IMPLEMENTATIONS = YES;
				CLANG_WARN_DIRECT_OBJC_ISA_USAGE = YES_ERROR;
				CLANG_WARN_DOCUMENTATION_COMMENTS = YES;
				CLANG_WARN_EMPTY_BODY = YES;
				CLANG_WARN_ENUM_CONVERSION = YES;
				CLANG_WARN_INFINITE_RECURSION = YES;
				CLANG_WARN_INT_CONVERSION = YES;
				CLANG_WARN_NON_LITERAL_NULL_CONVERSION = YES;
				CLANG_WARN_OBJC_IMPLICIT_RETAIN_SELF = YES;
				CLANG_WARN_OBJC_LITERAL_CONVERSION = YES;
				CLANG_WARN_OBJC_ROOT_CLASS = YES_ERROR;
				CLANG_WARN_QUOTED_INCLUDE_IN_FRAMEWORK_HEADER = YES;
				CLANG_WARN_RANGE_LOOP_ANALYSIS = YES;
				CLANG_WARN_STRICT_PROTOTYPES = YES;
				CLANG_WARN_SUSPICIOUS_MOVE = YES;
				CLANG_WARN_UNGUARDED_AVAILABILITY = YES_AGGRESSIVE;
				CLANG_WARN_UNREACHABLE_CODE = YES;
				CLANG_WARN__DUPLICATE_METHOD_MATCH = YES;
				COPY_PHASE_STRIP = NO;
				DEBUG_INFORMATION_FORMAT = "dwarf-with-dsym";
				ENABLE_NS_ASSERTIONS = NO;
				ENABLE_STRICT_OBJC_MSGSEND = YES;
				ENABLE_USER_SCRIPT_SANDBOXING = YES;
				GCC_C_LANGUAGE_STANDARD = gnu17;
				GCC_NO_COMMON_BLOCKS = YES;
				GCC_WARN_64_TO_32_BIT_CONVERSION = YES;
				GCC_WARN_ABOUT_RETURN_TYPE = YES_ERROR;
				GCC_WARN_UNDECLARED_SELECTOR = YES;
				GCC_WARN_UNINITIALIZED_AUTOS = YES_AGGRESSIVE;
				GCC_WARN_UNUSED_FUNCTION = YES;
				GCC_WARN_UNUSED_VARIABLE = YES;
				IPHONEOS_DEPLOYMENT_TARGET = 18.2;
				LOCALIZATION_PREFERS_STRING_CATALOGS = YES;
				MTL_ENABLE_DEBUG_INFO = NO;
				MTL_FAST_MATH = YES;
				SDKROOT = iphoneos;
				SWIFT_COMPILATION_MODE = wholemodule;
				VALIDATE_PRODUCT = YES;
			};
			name = Release;
		};
		94A0A5522DCDA21300AD5336 /* Debug */ = {
			isa = XCBuildConfiguration;
			buildSettings = {
				ASSETCATALOG_COMPILER_APPICON_NAME = AppIcon;
				ASSETCATALOG_COMPILER_GLOBAL_ACCENT_COLOR_NAME = AccentColor;
				CODE_SIGN_STYLE = Automatic;
				CURRENT_PROJECT_VERSION = 1;
				DEVELOPMENT_ASSET_PATHS = "\"FinalProject/Preview Content\"";
				DEVELOPMENT_TEAM = FJ2L3CZT9G;
				ENABLE_PREVIEWS = YES;
				GENERATE_INFOPLIST_FILE = YES;
				INFOPLIST_KEY_UIApplicationSceneManifest_Generation = YES;
				INFOPLIST_KEY_UIApplicationSupportsIndirectInputEvents = YES;
				INFOPLIST_KEY_UILaunchScreen_Generation = YES;
				INFOPLIST_KEY_UISupportedInterfaceOrientations_iPad = "UIInterfaceOrientationPortrait UIInterfaceOrientationPortraitUpsideDown UIInterfaceOrientationLandscapeLeft UIInterfaceOrientationLandscapeRight";
				INFOPLIST_KEY_UISupportedInterfaceOrientations_iPhone = "UIInterfaceOrientationPortrait UIInterfaceOrientationLandscapeLeft UIInterfaceOrientationLandscapeRight";
				LD_RUNPATH_SEARCH_PATHS = (
					"$(inherited)",
					"@executable_path/Frameworks",
				);
				MARKETING_VERSION = 1.0;
				PRODUCT_BUNDLE_IDENTIFIER = ok.FinalProject;
				PRODUCT_NAME = "$(TARGET_NAME)";
				SWIFT_EMIT_LOC_STRINGS = YES;
				SWIFT_VERSION = 5.0;
				TARGETED_DEVICE_FAMILY = "1,2";
			};
			name = Debug;
		};
		94A0A5532DCDA21300AD5336 /* Release */ = {
			isa = XCBuildConfiguration;
			buildSettings = {
				ASSETCATALOG_COMPILER_APPICON_NAME = AppIcon;
				ASSETCATALOG_COMPILER_GLOBAL_ACCENT_COLOR_NAME = AccentColor;
				CODE_SIGN_STYLE = Automatic;
				CURRENT_PROJECT_VERSION = 1;
				DEVELOPMENT_ASSET_PATHS = "\"FinalProject/Preview Content\"";
				DEVELOPMENT_TEAM = FJ2L3CZT9G;
				ENABLE_PREVIEWS = YES;
				GENERATE_INFOPLIST_FILE = YES;
				INFOPLIST_KEY_UIApplicationSceneManifest_Generation = YES;
				INFOPLIST_KEY_UIApplicationSupportsIndirectInputEvents = YES;
				INFOPLIST_KEY_UILaunchScreen_Generation = YES;
				INFOPLIST_KEY_UISupportedInterfaceOrientations_iPad = "UIInterfaceOrientationPortrait UIInterfaceOrientationPortraitUpsideDown UIInterfaceOrientationLandscapeLeft UIInterfaceOrientationLandscapeRight";
				INFOPLIST_KEY_UISupportedInterfaceOrientations_iPhone = "UIInterfaceOrientationPortrait UIInterfaceOrientationLandscapeLeft UIInterfaceOrientationLandscapeRight";
				LD_RUNPATH_SEARCH_PATHS = (
					"$(inherited)",
					"@executable_path/Frameworks",
				);
				MARKETING_VERSION = 1.0;
				PRODUCT_BUNDLE_IDENTIFIER = ok.FinalProject;
				PRODUCT_NAME = "$(TARGET_NAME)";
				SWIFT_EMIT_LOC_STRINGS = YES;
				SWIFT_VERSION = 5.0;
				TARGETED_DEVICE_FAMILY = "1,2";
			};
			name = Release;
		};
		94A0A5552DCDA21300AD5336 /* Debug */ = {
			isa = XCBuildConfiguration;
			buildSettings = {
				BUNDLE_LOADER = "$(TEST_HOST)";
				CODE_SIGN_STYLE = Automatic;
				CURRENT_PROJECT_VERSION = 1;
				DEVELOPMENT_TEAM = FJ2L3CZT9G;
				GENERATE_INFOPLIST_FILE = YES;
				IPHONEOS_DEPLOYMENT_TARGET = 18.2;
				MARKETING_VERSION = 1.0;
				PRODUCT_BUNDLE_IDENTIFIER = ok.FinalProjectTests;
				PRODUCT_NAME = "$(TARGET_NAME)";
				SWIFT_EMIT_LOC_STRINGS = NO;
				SWIFT_VERSION = 5.0;
				TARGETED_DEVICE_FAMILY = "1,2";
				TEST_HOST = "$(BUILT_PRODUCTS_DIR)/FinalProject.app/$(BUNDLE_EXECUTABLE_FOLDER_PATH)/FinalProject";
			};
			name = Debug;
		};
		94A0A5562DCDA21300AD5336 /* Release */ = {
			isa = XCBuildConfiguration;
			buildSettings = {
				BUNDLE_LOADER = "$(TEST_HOST)";
				CODE_SIGN_STYLE = Automatic;
				CURRENT_PROJECT_VERSION = 1;
				DEVELOPMENT_TEAM = FJ2L3CZT9G;
				GENERATE_INFOPLIST_FILE = YES;
				IPHONEOS_DEPLOYMENT_TARGET = 18.2;
				MARKETING_VERSION = 1.0;
				PRODUCT_BUNDLE_IDENTIFIER = ok.FinalProjectTests;
				PRODUCT_NAME = "$(TARGET_NAME)";
				SWIFT_EMIT_LOC_STRINGS = NO;
				SWIFT_VERSION = 5.0;
				TARGETED_DEVICE_FAMILY = "1,2";
				TEST_HOST = "$(BUILT_PRODUCTS_DIR)/FinalProject.app/$(BUNDLE_EXECUTABLE_FOLDER_PATH)/FinalProject";
			};
			name = Release;
		};
		94A0A5582DCDA21300AD5336 /* Debug */ = {
			isa = XCBuildConfiguration;
			buildSettings = {
				CODE_SIGN_STYLE = Automatic;
				CURRENT_PROJECT_VERSION = 1;
				DEVELOPMENT_TEAM = FJ2L3CZT9G;
				GENERATE_INFOPLIST_FILE = YES;
				MARKETING_VERSION = 1.0;
				PRODUCT_BUNDLE_IDENTIFIER = ok.FinalProjectUITests;
				PRODUCT_NAME = "$(TARGET_NAME)";
				SWIFT_EMIT_LOC_STRINGS = NO;
				SWIFT_VERSION = 5.0;
				TARGETED_DEVICE_FAMILY = "1,2";
				TEST_TARGET_NAME = FinalProject;
			};
			name = Debug;
		};
		94A0A5592DCDA21300AD5336 /* Release */ = {
			isa = XCBuildConfiguration;
			buildSettings = {
				CODE_SIGN_STYLE = Automatic;
				CURRENT_PROJECT_VERSION = 1;
				DEVELOPMENT_TEAM = FJ2L3CZT9G;
				GENERATE_INFOPLIST_FILE = YES;
				MARKETING_VERSION = 1.0;
				PRODUCT_BUNDLE_IDENTIFIER = ok.FinalProjectUITests;
				PRODUCT_NAME = "$(TARGET_NAME)";
				SWIFT_EMIT_LOC_STRINGS = NO;
				SWIFT_VERSION = 5.0;
				TARGETED_DEVICE_FAMILY = "1,2";
				TEST_TARGET_NAME = FinalProject;
			};
			name = Release;
		};
/* End XCBuildConfiguration section */

/* Begin XCConfigurationList section */
		94A0A5282DCDA21200AD5336 /* Build configuration list for PBXProject "FinalProject" */ = {
			isa = XCConfigurationList;
			buildConfigurations = (
				94A0A54F2DCDA21300AD5336 /* Debug */,
				94A0A5502DCDA21300AD5336 /* Release */,
			);
			defaultConfigurationIsVisible = 0;
			defaultConfigurationName = Release;
		};
		94A0A5512DCDA21300AD5336 /* Build configuration list for PBXNativeTarget "FinalProject" */ = {
			isa = XCConfigurationList;
			buildConfigurations = (
				94A0A5522DCDA21300AD5336 /* Debug */,
				94A0A5532DCDA21300AD5336 /* Release */,
			);
			defaultConfigurationIsVisible = 0;
			defaultConfigurationName = Release;
		};
		94A0A5542DCDA21300AD5336 /* Build configuration list for PBXNativeTarget "FinalProjectTests" */ = {
			isa = XCConfigurationList;
			buildConfigurations = (
				94A0A5552DCDA21300AD5336 /* Debug */,
				94A0A5562DCDA21300AD5336 /* Release */,
			);
			defaultConfigurationIsVisible = 0;
			defaultConfigurationName = Release;
		};
		94A0A5572DCDA21300AD5336 /* Build configuration list for PBXNativeTarget "FinalProjectUITests" */ = {
			isa = XCConfigurationList;
			buildConfigurations = (
				94A0A5582DCDA21300AD5336 /* Debug */,
				94A0A5592DCDA21300AD5336 /* Release */,
			);
			defaultConfigurationIsVisible = 0;
			defaultConfigurationName = Release;
		};
/* End XCConfigurationList section */

/* Begin XCRemoteSwiftPackageReference section */
		94DE4C732DF57CD500DFB15D /* XCRemoteSwiftPackageReference "firebase-ios-sdk" */ = {
			isa = XCRemoteSwiftPackageReference;
			repositoryURL = "https://github.com/firebase/firebase-ios-sdk";
			requirement = {
				kind = upToNextMajorVersion;
				minimumVersion = 11.14.0;
			};
		};
/* End XCRemoteSwiftPackageReference section */

/* Begin XCSwiftPackageProductDependency section */
		94DE4C7E2DF57CD500DFB15D /* FirebaseAnalyticsWithoutAdIdSupport */ = {
			isa = XCSwiftPackageProductDependency;
			package = 94DE4C732DF57CD500DFB15D /* XCRemoteSwiftPackageReference "firebase-ios-sdk" */;
			productName = FirebaseAnalyticsWithoutAdIdSupport;
		};
		94DE4C802DF57CD500DFB15D /* FirebaseAppCheck */ = {
			isa = XCSwiftPackageProductDependency;
			package = 94DE4C732DF57CD500DFB15D /* XCRemoteSwiftPackageReference "firebase-ios-sdk" */;
			productName = FirebaseAppCheck;
		};
		94DE4C822DF57CD500DFB15D /* FirebaseAppDistribution-Beta */ = {
			isa = XCSwiftPackageProductDependency;
			package = 94DE4C732DF57CD500DFB15D /* XCRemoteSwiftPackageReference "firebase-ios-sdk" */;
			productName = "FirebaseAppDistribution-Beta";
		};
		94DE4C842DF57CD500DFB15D /* FirebaseAuth */ = {
			isa = XCSwiftPackageProductDependency;
			package = 94DE4C732DF57CD500DFB15D /* XCRemoteSwiftPackageReference "firebase-ios-sdk" */;
			productName = FirebaseAuth;
		};
		94DE4C862DF57CD500DFB15D /* FirebaseAuthCombine-Community */ = {
			isa = XCSwiftPackageProductDependency;
			package = 94DE4C732DF57CD500DFB15D /* XCRemoteSwiftPackageReference "firebase-ios-sdk" */;
			productName = "FirebaseAuthCombine-Community";
		};
		94DE4C882DF57CD500DFB15D /* FirebaseCore */ = {
			isa = XCSwiftPackageProductDependency;
			package = 94DE4C732DF57CD500DFB15D /* XCRemoteSwiftPackageReference "firebase-ios-sdk" */;
			productName = FirebaseCore;
		};
		94DE4C8A2DF57CD500DFB15D /* FirebaseCrashlytics */ = {
			isa = XCSwiftPackageProductDependency;
			package = 94DE4C732DF57CD500DFB15D /* XCRemoteSwiftPackageReference "firebase-ios-sdk" */;
			productName = FirebaseCrashlytics;
		};
		94DE4C8C2DF57CD500DFB15D /* FirebaseDatabase */ = {
			isa = XCSwiftPackageProductDependency;
			package = 94DE4C732DF57CD500DFB15D /* XCRemoteSwiftPackageReference "firebase-ios-sdk" */;
			productName = FirebaseDatabase;
		};
		94DE4C902DF57CD500DFB15D /* FirebaseFirestore */ = {
			isa = XCSwiftPackageProductDependency;
			package = 94DE4C732DF57CD500DFB15D /* XCRemoteSwiftPackageReference "firebase-ios-sdk" */;
			productName = FirebaseFirestore;
		};
		94DE4C922DF57CD500DFB15D /* FirebaseFirestoreCombine-Community */ = {
			isa = XCSwiftPackageProductDependency;
			package = 94DE4C732DF57CD500DFB15D /* XCRemoteSwiftPackageReference "firebase-ios-sdk" */;
			productName = "FirebaseFirestoreCombine-Community";
		};
		94DE4C9C2DF57CD500DFB15D /* FirebaseMLModelDownloader */ = {
			isa = XCSwiftPackageProductDependency;
			package = 94DE4C732DF57CD500DFB15D /* XCRemoteSwiftPackageReference "firebase-ios-sdk" */;
			productName = FirebaseMLModelDownloader;
		};
		94DE4CA02DF57CD500DFB15D /* FirebasePerformance */ = {
			isa = XCSwiftPackageProductDependency;
			package = 94DE4C732DF57CD500DFB15D /* XCRemoteSwiftPackageReference "firebase-ios-sdk" */;
			productName = FirebasePerformance;
		};
		94DE4CA22DF57CD500DFB15D /* FirebaseRemoteConfig */ = {
			isa = XCSwiftPackageProductDependency;
			package = 94DE4C732DF57CD500DFB15D /* XCRemoteSwiftPackageReference "firebase-ios-sdk" */;
			productName = FirebaseRemoteConfig;
		};
		94DE4CA42DF57CD500DFB15D /* FirebaseStorage */ = {
			isa = XCSwiftPackageProductDependency;
			package = 94DE4C732DF57CD500DFB15D /* XCRemoteSwiftPackageReference "firebase-ios-sdk" */;
			productName = FirebaseStorage;
		};
		94DE4CA62DF57CD500DFB15D /* FirebaseStorageCombine-Community */ = {
			isa = XCSwiftPackageProductDependency;
			package = 94DE4C732DF57CD500DFB15D /* XCRemoteSwiftPackageReference "firebase-ios-sdk" */;
			productName = "FirebaseStorageCombine-Community";
		};
/* End XCSwiftPackageProductDependency section */
	};
	rootObject = 94A0A5252DCDA21200AD5336 /* Project object */;
}
